// !$*UTF8*$!
{
	archiveVersion = 1;
	classes = {
	};
	objectVersion = 55;
	objects = {

/* Begin PBXBuildFile section */
		3BABCFBD9B91B999F2F161E6 /* Pods_Camlist.framework in Frameworks */ = {isa = PBXBuildFile; fileRef = A4E6095E297AC8795703A6C5 /* Pods_Camlist.framework */; };
		5B23EF8D2749170000EF3526 /* VenueCellViewModel.swift in Sources */ = {isa = PBXBuildFile; fileRef = 5B23EF8C2749170000EF3526 /* VenueCellViewModel.swift */; };
		5B586314274D76A400085DA8 /* VenueViewControllerTests.swift in Sources */ = {isa = PBXBuildFile; fileRef = 5B586313274D76A400085DA8 /* VenueViewControllerTests.swift */; };
		5B586318274D897900085DA8 /* main.swift in Sources */ = {isa = PBXBuildFile; fileRef = 5B586317274D897900085DA8 /* main.swift */; };
		5B58631A274DB49A00085DA8 /* RemoteVenueImageLoader.swift in Sources */ = {isa = PBXBuildFile; fileRef = 5B586319274DB49A00085DA8 /* RemoteVenueImageLoader.swift */; };
		5B73DB0A27491C41008B6DC0 /* RemoteVenueImageLoader.swift in Sources */ = {isa = PBXBuildFile; fileRef = 5B73DB0927491C41008B6DC0 /* RemoteVenueImageLoader.swift */; };
		5B73DB0C27491E09008B6DC0 /* VenueImageMapper.swift in Sources */ = {isa = PBXBuildFile; fileRef = 5B73DB0B27491E09008B6DC0 /* VenueImageMapper.swift */; };
		5B7E2661274807BB00D5EB0B /* VenueViewModel.swift in Sources */ = {isa = PBXBuildFile; fileRef = 5B7E2660274807BB00D5EB0B /* VenueViewModel.swift */; };
		5B7E266327480B9B00D5EB0B /* VenueUIComposer.swift in Sources */ = {isa = PBXBuildFile; fileRef = 5B7E266227480B9B00D5EB0B /* VenueUIComposer.swift */; };
		5B7E266527480C3700D5EB0B /* VenueUpdateViewController.swift in Sources */ = {isa = PBXBuildFile; fileRef = 5B7E266427480C3700D5EB0B /* VenueUpdateViewController.swift */; };
		5B7E26682748207100D5EB0B /* VenueCellController.swift in Sources */ = {isa = PBXBuildFile; fileRef = 5B7E26672748207100D5EB0B /* VenueCellController.swift */; };
		5B7E266B2748313300D5EB0B /* StoryboardInstantiable.swift in Sources */ = {isa = PBXBuildFile; fileRef = 5B7E266A2748313300D5EB0B /* StoryboardInstantiable.swift */; };
		5B7E266D2748362200D5EB0B /* VenueViewController.storyboard in Resources */ = {isa = PBXBuildFile; fileRef = 5B7E266C2748362200D5EB0B /* VenueViewController.storyboard */; };
		5B82E80A274C2A2A0068F508 /* XCTestCase+MemoryLeakTrackingHelper.swift in Sources */ = {isa = PBXBuildFile; fileRef = 5B82E809274C2A2A0068F508 /* XCTestCase+MemoryLeakTrackingHelper.swift */; };
		5B82E81A274D0C480068F508 /* XCTestCase+MemoryLeakTrackingHelper.swift in Sources */ = {isa = PBXBuildFile; fileRef = 5B82E809274C2A2A0068F508 /* XCTestCase+MemoryLeakTrackingHelper.swift */; };
		5B82E81F274D10FD0068F508 /* VenueApiEndToEndTests.swift in Sources */ = {isa = PBXBuildFile; fileRef = 5B82E81E274D10FD0068F508 /* VenueApiEndToEndTests.swift */; };
		5B8AEC5E274A67F800A954AD /* CoreDataStorage.xcdatamodeld in Sources */ = {isa = PBXBuildFile; fileRef = 5B8AEC5C274A67F800A954AD /* CoreDataStorage.xcdatamodeld */; };
		5B8AEC61274A684700A954AD /* CoreDataStorage.swift in Sources */ = {isa = PBXBuildFile; fileRef = 5B8AEC60274A684700A954AD /* CoreDataStorage.swift */; };
		5B8AEC64274A6EED00A954AD /* LocalVenueLoader.swift in Sources */ = {isa = PBXBuildFile; fileRef = 5B8AEC63274A6EED00A954AD /* LocalVenueLoader.swift */; };
		5B8AEC67274A718300A954AD /* VenueResponseStorage.swift in Sources */ = {isa = PBXBuildFile; fileRef = 5B8AEC66274A718300A954AD /* VenueResponseStorage.swift */; };
		5B8AEC69274A758B00A954AD /* CoreDataVenueResponseStorage.swift in Sources */ = {isa = PBXBuildFile; fileRef = 5B8AEC68274A758B00A954AD /* CoreDataVenueResponseStorage.swift */; };
		5B8AEC6F274AE6A300A954AD /* UIViewController+AlertWithCompletion.swift in Sources */ = {isa = PBXBuildFile; fileRef = 5B8AEC6E274AE6A300A954AD /* UIViewController+AlertWithCompletion.swift */; };
		5B8AEC71274AE6C800A954AD /* UIViewController+ShowAlertMsg.swift in Sources */ = {isa = PBXBuildFile; fileRef = 5B8AEC70274AE6C800A954AD /* UIViewController+ShowAlertMsg.swift */; };
		5B8AEC73274AE7AF00A954AD /* Constants.swift in Sources */ = {isa = PBXBuildFile; fileRef = 5B8AEC72274AE7AE00A954AD /* Constants.swift */; };
		5B8AEC75274B0CC800A954AD /* Utils.swift in Sources */ = {isa = PBXBuildFile; fileRef = 5B8AEC74274B0CC800A954AD /* Utils.swift */; };
		5B8AEC77274B145B00A954AD /* MainAppController.swift in Sources */ = {isa = PBXBuildFile; fileRef = 5B8AEC76274B145B00A954AD /* MainAppController.swift */; };
		5BA2BC34274BCFEE0061CA81 /* VenueImageResponseStorage.swift in Sources */ = {isa = PBXBuildFile; fileRef = 5BA2BC33274BCFED0061CA81 /* VenueImageResponseStorage.swift */; };
		5BA2BC36274BD08C0061CA81 /* CoreDataVenueImageResponseStorage.swift in Sources */ = {isa = PBXBuildFile; fileRef = 5BA2BC35274BD08C0061CA81 /* CoreDataVenueImageResponseStorage.swift */; };
		5BE73DD72746763900EEA7B3 /* AppDelegate.swift in Sources */ = {isa = PBXBuildFile; fileRef = 5BE73DD62746763900EEA7B3 /* AppDelegate.swift */; };
		5BE73DDB2746763900EEA7B3 /* VenueViewController.swift in Sources */ = {isa = PBXBuildFile; fileRef = 5BE73DDA2746763900EEA7B3 /* VenueViewController.swift */; };
		5BE73DE02746764000EEA7B3 /* Assets.xcassets in Resources */ = {isa = PBXBuildFile; fileRef = 5BE73DDF2746764000EEA7B3 /* Assets.xcassets */; };
		5BE73DE32746764000EEA7B3 /* LaunchScreen.storyboard in Resources */ = {isa = PBXBuildFile; fileRef = 5BE73DE12746764000EEA7B3 /* LaunchScreen.storyboard */; };
		5BE73E0B27467AE300EEA7B3 /* Venue.swift in Sources */ = {isa = PBXBuildFile; fileRef = 5BE73E0A27467AE300EEA7B3 /* Venue.swift */; };
		5BE73E0D27467AF200EEA7B3 /* VenueLocation.swift in Sources */ = {isa = PBXBuildFile; fileRef = 5BE73E0C27467AF200EEA7B3 /* VenueLocation.swift */; };
		5BE73E0F27467C7900EEA7B3 /* VenueImage.swift in Sources */ = {isa = PBXBuildFile; fileRef = 5BE73E0E27467C7900EEA7B3 /* VenueImage.swift */; };
		5BE73E1127467E5600EEA7B3 /* FetchVenueUseCase.swift in Sources */ = {isa = PBXBuildFile; fileRef = 5BE73E1027467E5600EEA7B3 /* FetchVenueUseCase.swift */; };
		5BE73E1327467EB500EEA7B3 /* FetchVenueImageUseCase.swift in Sources */ = {isa = PBXBuildFile; fileRef = 5BE73E1227467EB500EEA7B3 /* FetchVenueImageUseCase.swift */; };
		5BE73E162746851D00EEA7B3 /* VenuesRepository.swift in Sources */ = {isa = PBXBuildFile; fileRef = 5BE73E152746851D00EEA7B3 /* VenuesRepository.swift */; };
		5BE73E182746853100EEA7B3 /* VenueImageRepository.swift in Sources */ = {isa = PBXBuildFile; fileRef = 5BE73E172746853100EEA7B3 /* VenueImageRepository.swift */; };
		5BE73E1F27468C3600EEA7B3 /* RemoteVenueLoaderTests.swift in Sources */ = {isa = PBXBuildFile; fileRef = 5BE73E1E27468C3600EEA7B3 /* RemoteVenueLoaderTests.swift */; };
		5BE73E2427468FAA00EEA7B3 /* HTTPClient.swift in Sources */ = {isa = PBXBuildFile; fileRef = 5BE73E2327468FAA00EEA7B3 /* HTTPClient.swift */; };
		5BE73E2627468FEE00EEA7B3 /* URLSessionHTTPClient.swift in Sources */ = {isa = PBXBuildFile; fileRef = 5BE73E2527468FEE00EEA7B3 /* URLSessionHTTPClient.swift */; };
		5BE73E282746915500EEA7B3 /* RemoteVenueLoader.swift in Sources */ = {isa = PBXBuildFile; fileRef = 5BE73E272746915500EEA7B3 /* RemoteVenueLoader.swift */; };
		5BE73E2A27469C7900EEA7B3 /* APIEndPoints.swift in Sources */ = {isa = PBXBuildFile; fileRef = 5BE73E2927469C7900EEA7B3 /* APIEndPoints.swift */; };
		5BE73E2C2746A39500EEA7B3 /* EndPoint.swift in Sources */ = {isa = PBXBuildFile; fileRef = 5BE73E2B2746A39500EEA7B3 /* EndPoint.swift */; };
		5BE73E2E2746A76A00EEA7B3 /* AppConfigrution.swift in Sources */ = {isa = PBXBuildFile; fileRef = 5BE73E2D2746A76900EEA7B3 /* AppConfigrution.swift */; };
		5BE73E302746B59800EEA7B3 /* VenueItemsMapper.swift in Sources */ = {isa = PBXBuildFile; fileRef = 5BE73E2F2746B59800EEA7B3 /* VenueItemsMapper.swift */; };
		5BE73E332746B64700EEA7B3 /* HTTPURLResponse+StatusCode.swift in Sources */ = {isa = PBXBuildFile; fileRef = 5BE73E322746B64700EEA7B3 /* HTTPURLResponse+StatusCode.swift */; };
		5BE73E382746E1F700EEA7B3 /* VenueCell.swift in Sources */ = {isa = PBXBuildFile; fileRef = 5BE73E372746E1F600EEA7B3 /* VenueCell.swift */; };
		5BFD7C942749929C0042A36A /* LocationManager.swift in Sources */ = {isa = PBXBuildFile; fileRef = 5BFD7C932749929C0042A36A /* LocationManager.swift */; };
		A7CE9B6970FE05F5B6FCC6B7 /* Pods_CamlistTests.framework in Frameworks */ = {isa = PBXBuildFile; fileRef = D133FA7D768395353E72F47B /* Pods_CamlistTests.framework */; };
/* End PBXBuildFile section */

/* Begin PBXContainerItemProxy section */
		5B82E815274D09910068F508 /* PBXContainerItemProxy */ = {
			isa = PBXContainerItemProxy;
			containerPortal = 5BE73DCB2746763900EEA7B3 /* Project object */;
			proxyType = 1;
			remoteGlobalIDString = 5BE73DD22746763900EEA7B3;
			remoteInfo = Camlist;
		};
		5BE73DEA2746764000EEA7B3 /* PBXContainerItemProxy */ = {
			isa = PBXContainerItemProxy;
			containerPortal = 5BE73DCB2746763900EEA7B3 /* Project object */;
			proxyType = 1;
			remoteGlobalIDString = 5BE73DD22746763900EEA7B3;
			remoteInfo = Camlist;
		};
/* End PBXContainerItemProxy section */

/* Begin PBXFileReference section */
		1EE4CA58CBBAFF8B56F7735E /* Pods-Camlist-CamlistUITests.release.xcconfig */ = {isa = PBXFileReference; includeInIndex = 1; lastKnownFileType = text.xcconfig; name = "Pods-Camlist-CamlistUITests.release.xcconfig"; path = "Target Support Files/Pods-Camlist-CamlistUITests/Pods-Camlist-CamlistUITests.release.xcconfig"; sourceTree = "<group>"; };
		495EE1DBE7C9FFDDF2AFB0BA /* Pods-Camlist.debug.xcconfig */ = {isa = PBXFileReference; includeInIndex = 1; lastKnownFileType = text.xcconfig; name = "Pods-Camlist.debug.xcconfig"; path = "Target Support Files/Pods-Camlist/Pods-Camlist.debug.xcconfig"; sourceTree = "<group>"; };
		5B23EF8C2749170000EF3526 /* VenueCellViewModel.swift */ = {isa = PBXFileReference; lastKnownFileType = sourcecode.swift; path = VenueCellViewModel.swift; sourceTree = "<group>"; };
		5B586313274D76A400085DA8 /* VenueViewControllerTests.swift */ = {isa = PBXFileReference; lastKnownFileType = sourcecode.swift; path = VenueViewControllerTests.swift; sourceTree = "<group>"; };
		5B586317274D897900085DA8 /* main.swift */ = {isa = PBXFileReference; lastKnownFileType = sourcecode.swift; path = main.swift; sourceTree = "<group>"; };
		5B586319274DB49A00085DA8 /* RemoteVenueImageLoader.swift */ = {isa = PBXFileReference; lastKnownFileType = sourcecode.swift; path = RemoteVenueImageLoader.swift; sourceTree = "<group>"; };
		5B73DB0927491C41008B6DC0 /* RemoteVenueImageLoader.swift */ = {isa = PBXFileReference; lastKnownFileType = sourcecode.swift; path = RemoteVenueImageLoader.swift; sourceTree = "<group>"; };
		5B73DB0B27491E09008B6DC0 /* VenueImageMapper.swift */ = {isa = PBXFileReference; lastKnownFileType = sourcecode.swift; path = VenueImageMapper.swift; sourceTree = "<group>"; };
		5B7E2660274807BB00D5EB0B /* VenueViewModel.swift */ = {isa = PBXFileReference; lastKnownFileType = sourcecode.swift; path = VenueViewModel.swift; sourceTree = "<group>"; };
		5B7E266227480B9B00D5EB0B /* VenueUIComposer.swift */ = {isa = PBXFileReference; lastKnownFileType = sourcecode.swift; path = VenueUIComposer.swift; sourceTree = "<group>"; };
		5B7E266427480C3700D5EB0B /* VenueUpdateViewController.swift */ = {isa = PBXFileReference; lastKnownFileType = sourcecode.swift; path = VenueUpdateViewController.swift; sourceTree = "<group>"; };
		5B7E26672748207100D5EB0B /* VenueCellController.swift */ = {isa = PBXFileReference; lastKnownFileType = sourcecode.swift; path = VenueCellController.swift; sourceTree = "<group>"; };
		5B7E266A2748313300D5EB0B /* StoryboardInstantiable.swift */ = {isa = PBXFileReference; lastKnownFileType = sourcecode.swift; path = StoryboardInstantiable.swift; sourceTree = "<group>"; };
		5B7E266C2748362200D5EB0B /* VenueViewController.storyboard */ = {isa = PBXFileReference; lastKnownFileType = file.storyboard; path = VenueViewController.storyboard; sourceTree = "<group>"; };
		5B82E809274C2A2A0068F508 /* XCTestCase+MemoryLeakTrackingHelper.swift */ = {isa = PBXFileReference; lastKnownFileType = sourcecode.swift; path = "XCTestCase+MemoryLeakTrackingHelper.swift"; sourceTree = "<group>"; };
		5B82E811274D09910068F508 /* CamlistEndtoEndTests.xctest */ = {isa = PBXFileReference; explicitFileType = wrapper.cfbundle; includeInIndex = 0; path = CamlistEndtoEndTests.xctest; sourceTree = BUILT_PRODUCTS_DIR; };
		5B82E81E274D10FD0068F508 /* VenueApiEndToEndTests.swift */ = {isa = PBXFileReference; lastKnownFileType = sourcecode.swift; path = VenueApiEndToEndTests.swift; sourceTree = "<group>"; };
		5B8AEC5D274A67F800A954AD /* VenueDataModel.xcdatamodel */ = {isa = PBXFileReference; lastKnownFileType = wrapper.xcdatamodel; path = VenueDataModel.xcdatamodel; sourceTree = "<group>"; };
		5B8AEC60274A684700A954AD /* CoreDataStorage.swift */ = {isa = PBXFileReference; lastKnownFileType = sourcecode.swift; path = CoreDataStorage.swift; sourceTree = "<group>"; };
		5B8AEC63274A6EED00A954AD /* LocalVenueLoader.swift */ = {isa = PBXFileReference; lastKnownFileType = sourcecode.swift; path = LocalVenueLoader.swift; sourceTree = "<group>"; };
		5B8AEC66274A718300A954AD /* VenueResponseStorage.swift */ = {isa = PBXFileReference; lastKnownFileType = sourcecode.swift; path = VenueResponseStorage.swift; sourceTree = "<group>"; };
		5B8AEC68274A758B00A954AD /* CoreDataVenueResponseStorage.swift */ = {isa = PBXFileReference; lastKnownFileType = sourcecode.swift; path = CoreDataVenueResponseStorage.swift; sourceTree = "<group>"; };
		5B8AEC6E274AE6A300A954AD /* UIViewController+AlertWithCompletion.swift */ = {isa = PBXFileReference; lastKnownFileType = sourcecode.swift; path = "UIViewController+AlertWithCompletion.swift"; sourceTree = "<group>"; };
		5B8AEC70274AE6C800A954AD /* UIViewController+ShowAlertMsg.swift */ = {isa = PBXFileReference; lastKnownFileType = sourcecode.swift; path = "UIViewController+ShowAlertMsg.swift"; sourceTree = "<group>"; };
		5B8AEC72274AE7AE00A954AD /* Constants.swift */ = {isa = PBXFileReference; lastKnownFileType = sourcecode.swift; path = Constants.swift; sourceTree = "<group>"; };
		5B8AEC74274B0CC800A954AD /* Utils.swift */ = {isa = PBXFileReference; lastKnownFileType = sourcecode.swift; path = Utils.swift; sourceTree = "<group>"; };
		5B8AEC76274B145B00A954AD /* MainAppController.swift */ = {isa = PBXFileReference; lastKnownFileType = sourcecode.swift; path = MainAppController.swift; sourceTree = "<group>"; };
		5BA2BC33274BCFED0061CA81 /* VenueImageResponseStorage.swift */ = {isa = PBXFileReference; lastKnownFileType = sourcecode.swift; path = VenueImageResponseStorage.swift; sourceTree = "<group>"; };
		5BA2BC35274BD08C0061CA81 /* CoreDataVenueImageResponseStorage.swift */ = {isa = PBXFileReference; lastKnownFileType = sourcecode.swift; path = CoreDataVenueImageResponseStorage.swift; sourceTree = "<group>"; };
		5BE73DD32746763900EEA7B3 /* Camlist.app */ = {isa = PBXFileReference; explicitFileType = wrapper.application; includeInIndex = 0; path = Camlist.app; sourceTree = BUILT_PRODUCTS_DIR; };
		5BE73DD62746763900EEA7B3 /* AppDelegate.swift */ = {isa = PBXFileReference; lastKnownFileType = sourcecode.swift; path = AppDelegate.swift; sourceTree = "<group>"; };
		5BE73DDA2746763900EEA7B3 /* VenueViewController.swift */ = {isa = PBXFileReference; lastKnownFileType = sourcecode.swift; path = VenueViewController.swift; sourceTree = "<group>"; };
		5BE73DDF2746764000EEA7B3 /* Assets.xcassets */ = {isa = PBXFileReference; lastKnownFileType = folder.assetcatalog; path = Assets.xcassets; sourceTree = "<group>"; };
		5BE73DE22746764000EEA7B3 /* Base */ = {isa = PBXFileReference; lastKnownFileType = file.storyboard; name = Base; path = Base.lproj/LaunchScreen.storyboard; sourceTree = "<group>"; };
		5BE73DE42746764000EEA7B3 /* Info.plist */ = {isa = PBXFileReference; lastKnownFileType = text.plist.xml; path = Info.plist; sourceTree = "<group>"; };
		5BE73DE92746764000EEA7B3 /* CamlistTests.xctest */ = {isa = PBXFileReference; explicitFileType = wrapper.cfbundle; includeInIndex = 0; path = CamlistTests.xctest; sourceTree = BUILT_PRODUCTS_DIR; };
		5BE73E0A27467AE300EEA7B3 /* Venue.swift */ = {isa = PBXFileReference; lastKnownFileType = sourcecode.swift; path = Venue.swift; sourceTree = "<group>"; };
		5BE73E0C27467AF200EEA7B3 /* VenueLocation.swift */ = {isa = PBXFileReference; lastKnownFileType = sourcecode.swift; path = VenueLocation.swift; sourceTree = "<group>"; };
		5BE73E0E27467C7900EEA7B3 /* VenueImage.swift */ = {isa = PBXFileReference; lastKnownFileType = sourcecode.swift; path = VenueImage.swift; sourceTree = "<group>"; };
		5BE73E1027467E5600EEA7B3 /* FetchVenueUseCase.swift */ = {isa = PBXFileReference; lastKnownFileType = sourcecode.swift; path = FetchVenueUseCase.swift; sourceTree = "<group>"; };
		5BE73E1227467EB500EEA7B3 /* FetchVenueImageUseCase.swift */ = {isa = PBXFileReference; lastKnownFileType = sourcecode.swift; path = FetchVenueImageUseCase.swift; sourceTree = "<group>"; };
		5BE73E152746851D00EEA7B3 /* VenuesRepository.swift */ = {isa = PBXFileReference; lastKnownFileType = sourcecode.swift; path = VenuesRepository.swift; sourceTree = "<group>"; };
		5BE73E172746853100EEA7B3 /* VenueImageRepository.swift */ = {isa = PBXFileReference; lastKnownFileType = sourcecode.swift; path = VenueImageRepository.swift; sourceTree = "<group>"; };
		5BE73E1E27468C3600EEA7B3 /* RemoteVenueLoaderTests.swift */ = {isa = PBXFileReference; lastKnownFileType = sourcecode.swift; path = RemoteVenueLoaderTests.swift; sourceTree = "<group>"; };
		5BE73E2327468FAA00EEA7B3 /* HTTPClient.swift */ = {isa = PBXFileReference; lastKnownFileType = sourcecode.swift; path = HTTPClient.swift; sourceTree = "<group>"; };
		5BE73E2527468FEE00EEA7B3 /* URLSessionHTTPClient.swift */ = {isa = PBXFileReference; lastKnownFileType = sourcecode.swift; path = URLSessionHTTPClient.swift; sourceTree = "<group>"; };
		5BE73E272746915500EEA7B3 /* RemoteVenueLoader.swift */ = {isa = PBXFileReference; lastKnownFileType = sourcecode.swift; path = RemoteVenueLoader.swift; sourceTree = "<group>"; };
		5BE73E2927469C7900EEA7B3 /* APIEndPoints.swift */ = {isa = PBXFileReference; lastKnownFileType = sourcecode.swift; path = APIEndPoints.swift; sourceTree = "<group>"; };
		5BE73E2B2746A39500EEA7B3 /* EndPoint.swift */ = {isa = PBXFileReference; lastKnownFileType = sourcecode.swift; path = EndPoint.swift; sourceTree = "<group>"; };
		5BE73E2D2746A76900EEA7B3 /* AppConfigrution.swift */ = {isa = PBXFileReference; lastKnownFileType = sourcecode.swift; path = AppConfigrution.swift; sourceTree = "<group>"; };
		5BE73E2F2746B59800EEA7B3 /* VenueItemsMapper.swift */ = {isa = PBXFileReference; lastKnownFileType = sourcecode.swift; path = VenueItemsMapper.swift; sourceTree = "<group>"; };
		5BE73E322746B64700EEA7B3 /* HTTPURLResponse+StatusCode.swift */ = {isa = PBXFileReference; lastKnownFileType = sourcecode.swift; path = "HTTPURLResponse+StatusCode.swift"; sourceTree = "<group>"; };
		5BE73E372746E1F600EEA7B3 /* VenueCell.swift */ = {isa = PBXFileReference; lastKnownFileType = sourcecode.swift; path = VenueCell.swift; sourceTree = "<group>"; };
		5BFD7C932749929C0042A36A /* LocationManager.swift */ = {isa = PBXFileReference; lastKnownFileType = sourcecode.swift; path = LocationManager.swift; sourceTree = "<group>"; };
		9F0D2295EBADE3F9E45CAA97 /* Pods_Camlist_CamlistUITests.framework */ = {isa = PBXFileReference; explicitFileType = wrapper.framework; includeInIndex = 0; path = Pods_Camlist_CamlistUITests.framework; sourceTree = BUILT_PRODUCTS_DIR; };
		A4E6095E297AC8795703A6C5 /* Pods_Camlist.framework */ = {isa = PBXFileReference; explicitFileType = wrapper.framework; includeInIndex = 0; path = Pods_Camlist.framework; sourceTree = BUILT_PRODUCTS_DIR; };
		CB3B532D114C2E9163E4E3B0 /* Pods-Camlist-CamlistUITests.debug.xcconfig */ = {isa = PBXFileReference; includeInIndex = 1; lastKnownFileType = text.xcconfig; name = "Pods-Camlist-CamlistUITests.debug.xcconfig"; path = "Target Support Files/Pods-Camlist-CamlistUITests/Pods-Camlist-CamlistUITests.debug.xcconfig"; sourceTree = "<group>"; };
		D133FA7D768395353E72F47B /* Pods_CamlistTests.framework */ = {isa = PBXFileReference; explicitFileType = wrapper.framework; includeInIndex = 0; path = Pods_CamlistTests.framework; sourceTree = BUILT_PRODUCTS_DIR; };
		DCB483AAD8808528CBF2CD7D /* Pods-CamlistTests.release.xcconfig */ = {isa = PBXFileReference; includeInIndex = 1; lastKnownFileType = text.xcconfig; name = "Pods-CamlistTests.release.xcconfig"; path = "Target Support Files/Pods-CamlistTests/Pods-CamlistTests.release.xcconfig"; sourceTree = "<group>"; };
		F8F3B8B3DA266B7456DD1681 /* Pods-Camlist.release.xcconfig */ = {isa = PBXFileReference; includeInIndex = 1; lastKnownFileType = text.xcconfig; name = "Pods-Camlist.release.xcconfig"; path = "Target Support Files/Pods-Camlist/Pods-Camlist.release.xcconfig"; sourceTree = "<group>"; };
		F92798D10A33BF32AB37CA99 /* Pods-CamlistTests.debug.xcconfig */ = {isa = PBXFileReference; includeInIndex = 1; lastKnownFileType = text.xcconfig; name = "Pods-CamlistTests.debug.xcconfig"; path = "Target Support Files/Pods-CamlistTests/Pods-CamlistTests.debug.xcconfig"; sourceTree = "<group>"; };
/* End PBXFileReference section */

/* Begin PBXFrameworksBuildPhase section */
		5B82E80E274D09910068F508 /* Frameworks */ = {
			isa = PBXFrameworksBuildPhase;
			buildActionMask = 2147483647;
			files = (
			);
			runOnlyForDeploymentPostprocessing = 0;
		};
		5BE73DD02746763900EEA7B3 /* Frameworks */ = {
			isa = PBXFrameworksBuildPhase;
			buildActionMask = 2147483647;
			files = (
				3BABCFBD9B91B999F2F161E6 /* Pods_Camlist.framework in Frameworks */,
			);
			runOnlyForDeploymentPostprocessing = 0;
		};
		5BE73DE62746764000EEA7B3 /* Frameworks */ = {
			isa = PBXFrameworksBuildPhase;
			buildActionMask = 2147483647;
			files = (
				A7CE9B6970FE05F5B6FCC6B7 /* Pods_CamlistTests.framework in Frameworks */,
			);
			runOnlyForDeploymentPostprocessing = 0;
		};
/* End PBXFrameworksBuildPhase section */

/* Begin PBXGroup section */
		4E8A048D4D55FDCDCDFEDDA9 /* Pods */ = {
			isa = PBXGroup;
			children = (
				495EE1DBE7C9FFDDF2AFB0BA /* Pods-Camlist.debug.xcconfig */,
				F8F3B8B3DA266B7456DD1681 /* Pods-Camlist.release.xcconfig */,
				CB3B532D114C2E9163E4E3B0 /* Pods-Camlist-CamlistUITests.debug.xcconfig */,
				1EE4CA58CBBAFF8B56F7735E /* Pods-Camlist-CamlistUITests.release.xcconfig */,
				F92798D10A33BF32AB37CA99 /* Pods-CamlistTests.debug.xcconfig */,
				DCB483AAD8808528CBF2CD7D /* Pods-CamlistTests.release.xcconfig */,
			);
			path = Pods;
			sourceTree = "<group>";
		};
		5B23EF9027491B7900EF3526 /* RemoteVenueImageLoader */ = {
			isa = PBXGroup;
			children = (
				5B73DB0927491C41008B6DC0 /* RemoteVenueImageLoader.swift */,
			);
			path = RemoteVenueImageLoader;
			sourceTree = "<group>";
		};
		5B7E265D2747FA9400D5EB0B /* Composers */ = {
			isa = PBXGroup;
			children = (
				5B7E266227480B9B00D5EB0B /* VenueUIComposer.swift */,
			);
			path = Composers;
			sourceTree = "<group>";
		};
		5B7E265E2748075000D5EB0B /* Venue UI */ = {
			isa = PBXGroup;
			children = (
				5B7E265D2747FA9400D5EB0B /* Composers */,
				5BFD7C90274971E50042A36A /* Models */,
				5BFD7C91274971EB0042A36A /* Controllers */,
				5B7E265F274807A500D5EB0B /* Views */,
			);
			path = "Venue UI";
			sourceTree = "<group>";
		};
		5B7E265F274807A500D5EB0B /* Views */ = {
			isa = PBXGroup;
			children = (
				5B7E266C2748362200D5EB0B /* VenueViewController.storyboard */,
				5BE73E372746E1F600EEA7B3 /* VenueCell.swift */,
			);
			path = Views;
			sourceTree = "<group>";
		};
		5B7E26692748311000D5EB0B /* Utils */ = {
			isa = PBXGroup;
			children = (
				5B7E266A2748313300D5EB0B /* StoryboardInstantiable.swift */,
				5B8AEC6E274AE6A300A954AD /* UIViewController+AlertWithCompletion.swift */,
				5B8AEC70274AE6C800A954AD /* UIViewController+ShowAlertMsg.swift */,
				5B8AEC72274AE7AE00A954AD /* Constants.swift */,
				5B8AEC74274B0CC800A954AD /* Utils.swift */,
			);
			path = Utils;
			sourceTree = "<group>";
		};
		5B82E808274C2A080068F508 /* Helpers */ = {
			isa = PBXGroup;
			children = (
				5B82E809274C2A2A0068F508 /* XCTestCase+MemoryLeakTrackingHelper.swift */,
			);
			path = Helpers;
			sourceTree = "<group>";
		};
		5B82E812274D09910068F508 /* CamlistEndtoEndTests */ = {
			isa = PBXGroup;
			children = (
				5B82E81E274D10FD0068F508 /* VenueApiEndToEndTests.swift */,
			);
			path = CamlistEndtoEndTests;
			sourceTree = "<group>";
		};
		5B8AEC5F274A681700A954AD /* CoreDataStorage */ = {
			isa = PBXGroup;
			children = (
				5B8AEC60274A684700A954AD /* CoreDataStorage.swift */,
				5B8AEC5C274A67F800A954AD /* CoreDataStorage.xcdatamodeld */,
			);
			path = CoreDataStorage;
			sourceTree = "<group>";
		};
		5B8AEC62274A6EC200A954AD /* LocalVenueLoader */ = {
			isa = PBXGroup;
			children = (
				5B8AEC63274A6EED00A954AD /* LocalVenueLoader.swift */,
			);
			path = LocalVenueLoader;
			sourceTree = "<group>";
		};
		5B8AEC65274A716000A954AD /* VenueResponseStorage */ = {
			isa = PBXGroup;
			children = (
				5B8AEC66274A718300A954AD /* VenueResponseStorage.swift */,
				5BA2BC33274BCFED0061CA81 /* VenueImageResponseStorage.swift */,
				5B8AEC68274A758B00A954AD /* CoreDataVenueResponseStorage.swift */,
				5BA2BC35274BD08C0061CA81 /* CoreDataVenueImageResponseStorage.swift */,
			);
			path = VenueResponseStorage;
			sourceTree = "<group>";
		};
		5BE73DCA2746763900EEA7B3 = {
			isa = PBXGroup;
			children = (
				5BE73DD52746763900EEA7B3 /* Camlist */,
				5BE73DEC2746764000EEA7B3 /* CamlistTests */,
				5B82E812274D09910068F508 /* CamlistEndtoEndTests */,
				5BE73DD42746763900EEA7B3 /* Products */,
				4E8A048D4D55FDCDCDFEDDA9 /* Pods */,
				F6C57E6FFBF27C9F1F15A7EF /* Frameworks */,
			);
			sourceTree = "<group>";
		};
		5BE73DD42746763900EEA7B3 /* Products */ = {
			isa = PBXGroup;
			children = (
				5BE73DD32746763900EEA7B3 /* Camlist.app */,
				5BE73DE92746764000EEA7B3 /* CamlistTests.xctest */,
				5B82E811274D09910068F508 /* CamlistEndtoEndTests.xctest */,
			);
			name = Products;
			sourceTree = "<group>";
		};
		5BE73DD52746763900EEA7B3 /* Camlist */ = {
			isa = PBXGroup;
			children = (
				5BE73E1D27468B6D00EEA7B3 /* Application */,
				5BE73E0627467A1300EEA7B3 /* Domain */,
				5BE73E1B27468B0A00EEA7B3 /* Presentaion */,
				5BE73E1C27468B3300EEA7B3 /* Data */,
				5BE73E2227468F8500EEA7B3 /* Infrastrucure */,
				5BFD7C92274992810042A36A /* LocationManager */,
				5BE73DDF2746764000EEA7B3 /* Assets.xcassets */,
				5BE73DE12746764000EEA7B3 /* LaunchScreen.storyboard */,
				5BE73DE42746764000EEA7B3 /* Info.plist */,
			);
			path = Camlist;
			sourceTree = "<group>";
		};
		5BE73DEC2746764000EEA7B3 /* CamlistTests */ = {
			isa = PBXGroup;
			children = (
				5B82E808274C2A080068F508 /* Helpers */,
				5BE73E1E27468C3600EEA7B3 /* RemoteVenueLoaderTests.swift */,
				5B586319274DB49A00085DA8 /* RemoteVenueImageLoader.swift */,
				5B586313274D76A400085DA8 /* VenueViewControllerTests.swift */,
			);
			path = CamlistTests;
			sourceTree = "<group>";
		};
		5BE73E0627467A1300EEA7B3 /* Domain */ = {
			isa = PBXGroup;
			children = (
				5BE73E0727467A3300EEA7B3 /* Entites */,
				5BE73E0827467A3A00EEA7B3 /* UseCases */,
				5BE73E0927467A4200EEA7B3 /* Interfaces */,
			);
			path = Domain;
			sourceTree = "<group>";
		};
		5BE73E0727467A3300EEA7B3 /* Entites */ = {
			isa = PBXGroup;
			children = (
				5BE73E0A27467AE300EEA7B3 /* Venue.swift */,
				5BE73E0C27467AF200EEA7B3 /* VenueLocation.swift */,
				5BE73E0E27467C7900EEA7B3 /* VenueImage.swift */,
			);
			path = Entites;
			sourceTree = "<group>";
		};
		5BE73E0827467A3A00EEA7B3 /* UseCases */ = {
			isa = PBXGroup;
			children = (
				5BE73E1027467E5600EEA7B3 /* FetchVenueUseCase.swift */,
				5BE73E1227467EB500EEA7B3 /* FetchVenueImageUseCase.swift */,
			);
			path = UseCases;
			sourceTree = "<group>";
		};
		5BE73E0927467A4200EEA7B3 /* Interfaces */ = {
			isa = PBXGroup;
			children = (
				5BE73E14274684DF00EEA7B3 /* Repositories */,
			);
			path = Interfaces;
			sourceTree = "<group>";
		};
		5BE73E14274684DF00EEA7B3 /* Repositories */ = {
			isa = PBXGroup;
			children = (
				5BE73E152746851D00EEA7B3 /* VenuesRepository.swift */,
				5BE73E172746853100EEA7B3 /* VenueImageRepository.swift */,
			);
			path = Repositories;
			sourceTree = "<group>";
		};
		5BE73E192746879A00EEA7B3 /* RemoteData */ = {
			isa = PBXGroup;
			children = (
				5BE73E352746D61A00EEA7B3 /* Network */,
				5BE73E342746C53500EEA7B3 /* RemoteVenueLoader */,
				5B23EF9027491B7900EF3526 /* RemoteVenueImageLoader */,
			);
			path = RemoteData;
			sourceTree = "<group>";
		};
		5BE73E1A27468AEB00EEA7B3 /* CacheData */ = {
			isa = PBXGroup;
			children = (
				5B8AEC62274A6EC200A954AD /* LocalVenueLoader */,
				5B8AEC65274A716000A954AD /* VenueResponseStorage */,
				5B8AEC5F274A681700A954AD /* CoreDataStorage */,
			);
			path = CacheData;
			sourceTree = "<group>";
		};
		5BE73E1B27468B0A00EEA7B3 /* Presentaion */ = {
			isa = PBXGroup;
			children = (
				5B7E26692748311000D5EB0B /* Utils */,
				5B7E265E2748075000D5EB0B /* Venue UI */,
			);
			path = Presentaion;
			sourceTree = "<group>";
		};
		5BE73E1C27468B3300EEA7B3 /* Data */ = {
			isa = PBXGroup;
			children = (
				5BE73E192746879A00EEA7B3 /* RemoteData */,
				5BE73E1A27468AEB00EEA7B3 /* CacheData */,
			);
			path = Data;
			sourceTree = "<group>";
		};
		5BE73E1D27468B6D00EEA7B3 /* Application */ = {
			isa = PBXGroup;
			children = (
				5BE73DD62746763900EEA7B3 /* AppDelegate.swift */,
				5BE73E2D2746A76900EEA7B3 /* AppConfigrution.swift */,
				5B8AEC76274B145B00A954AD /* MainAppController.swift */,
				5B586317274D897900085DA8 /* main.swift */,
			);
			path = Application;
			sourceTree = "<group>";
		};
		5BE73E2227468F8500EEA7B3 /* Infrastrucure */ = {
			isa = PBXGroup;
			children = (
				5BE73E312746B61000EEA7B3 /* Helpers */,
				5BE73E2B2746A39500EEA7B3 /* EndPoint.swift */,
				5BE73E2327468FAA00EEA7B3 /* HTTPClient.swift */,
				5BE73E2527468FEE00EEA7B3 /* URLSessionHTTPClient.swift */,
			);
			path = Infrastrucure;
			sourceTree = "<group>";
		};
		5BE73E312746B61000EEA7B3 /* Helpers */ = {
			isa = PBXGroup;
			children = (
				5BE73E322746B64700EEA7B3 /* HTTPURLResponse+StatusCode.swift */,
			);
			path = Helpers;
			sourceTree = "<group>";
		};
		5BE73E342746C53500EEA7B3 /* RemoteVenueLoader */ = {
			isa = PBXGroup;
			children = (
				5BE73E272746915500EEA7B3 /* RemoteVenueLoader.swift */,
			);
			path = RemoteVenueLoader;
			sourceTree = "<group>";
		};
		5BE73E352746D61A00EEA7B3 /* Network */ = {
			isa = PBXGroup;
			children = (
				5BE73E2927469C7900EEA7B3 /* APIEndPoints.swift */,
				5BE73E362746D62F00EEA7B3 /* DTO */,
			);
			path = Network;
			sourceTree = "<group>";
		};
		5BE73E362746D62F00EEA7B3 /* DTO */ = {
			isa = PBXGroup;
			children = (
				5BE73E2F2746B59800EEA7B3 /* VenueItemsMapper.swift */,
				5B73DB0B27491E09008B6DC0 /* VenueImageMapper.swift */,
			);
			path = DTO;
			sourceTree = "<group>";
		};
		5BFD7C90274971E50042A36A /* Models */ = {
			isa = PBXGroup;
			children = (
				5B23EF8C2749170000EF3526 /* VenueCellViewModel.swift */,
				5B7E2660274807BB00D5EB0B /* VenueViewModel.swift */,
			);
			path = Models;
			sourceTree = "<group>";
		};
		5BFD7C91274971EB0042A36A /* Controllers */ = {
			isa = PBXGroup;
			children = (
				5BE73DDA2746763900EEA7B3 /* VenueViewController.swift */,
				5B7E26672748207100D5EB0B /* VenueCellController.swift */,
				5B7E266427480C3700D5EB0B /* VenueUpdateViewController.swift */,
			);
			path = Controllers;
			sourceTree = "<group>";
		};
		5BFD7C92274992810042A36A /* LocationManager */ = {
			isa = PBXGroup;
			children = (
				5BFD7C932749929C0042A36A /* LocationManager.swift */,
			);
			path = LocationManager;
			sourceTree = "<group>";
		};
		F6C57E6FFBF27C9F1F15A7EF /* Frameworks */ = {
			isa = PBXGroup;
			children = (
				A4E6095E297AC8795703A6C5 /* Pods_Camlist.framework */,
				9F0D2295EBADE3F9E45CAA97 /* Pods_Camlist_CamlistUITests.framework */,
				D133FA7D768395353E72F47B /* Pods_CamlistTests.framework */,
			);
			name = Frameworks;
			sourceTree = "<group>";
		};
/* End PBXGroup section */

/* Begin PBXNativeTarget section */
		5B82E810274D09910068F508 /* CamlistEndtoEndTests */ = {
			isa = PBXNativeTarget;
			buildConfigurationList = 5B82E817274D09910068F508 /* Build configuration list for PBXNativeTarget "CamlistEndtoEndTests" */;
			buildPhases = (
				5B82E80D274D09910068F508 /* Sources */,
				5B82E80E274D09910068F508 /* Frameworks */,
				5B82E80F274D09910068F508 /* Resources */,
			);
			buildRules = (
			);
			dependencies = (
				5B82E816274D09910068F508 /* PBXTargetDependency */,
			);
			name = CamlistEndtoEndTests;
			productName = VenueApiEndtoEndTests;
			productReference = 5B82E811274D09910068F508 /* CamlistEndtoEndTests.xctest */;
			productType = "com.apple.product-type.bundle.unit-test";
		};
		5BE73DD22746763900EEA7B3 /* Camlist */ = {
			isa = PBXNativeTarget;
			buildConfigurationList = 5BE73DFD2746764100EEA7B3 /* Build configuration list for PBXNativeTarget "Camlist" */;
			buildPhases = (
				EE550A154ACEC1CB0F166100 /* [CP] Check Pods Manifest.lock */,
				5BE73DCF2746763900EEA7B3 /* Sources */,
				5BE73DD02746763900EEA7B3 /* Frameworks */,
				5BE73DD12746763900EEA7B3 /* Resources */,
				862DD6BD0E954A4AA9599CD7 /* [CP] Embed Pods Frameworks */,
			);
			buildRules = (
			);
			dependencies = (
			);
			name = Camlist;
			productName = Camlist;
			productReference = 5BE73DD32746763900EEA7B3 /* Camlist.app */;
			productType = "com.apple.product-type.application";
		};
		5BE73DE82746764000EEA7B3 /* CamlistTests */ = {
			isa = PBXNativeTarget;
			buildConfigurationList = 5BE73E002746764100EEA7B3 /* Build configuration list for PBXNativeTarget "CamlistTests" */;
			buildPhases = (
				BF8A837E2F54B325CA800342 /* [CP] Check Pods Manifest.lock */,
				5BE73DE52746764000EEA7B3 /* Sources */,
				5BE73DE62746764000EEA7B3 /* Frameworks */,
				5BE73DE72746764000EEA7B3 /* Resources */,
			);
			buildRules = (
			);
			dependencies = (
				5BE73DEB2746764000EEA7B3 /* PBXTargetDependency */,
			);
			name = CamlistTests;
			productName = CamlistTests;
			productReference = 5BE73DE92746764000EEA7B3 /* CamlistTests.xctest */;
			productType = "com.apple.product-type.bundle.unit-test";
		};
/* End PBXNativeTarget section */

/* Begin PBXProject section */
		5BE73DCB2746763900EEA7B3 /* Project object */ = {
			isa = PBXProject;
			attributes = {
				BuildIndependentTargetsInParallel = 1;
				LastSwiftUpdateCheck = 1300;
				LastUpgradeCheck = 1300;
				TargetAttributes = {
					5B82E810274D09910068F508 = {
						CreatedOnToolsVersion = 13.0;
						TestTargetID = 5BE73DD22746763900EEA7B3;
					};
					5BE73DD22746763900EEA7B3 = {
						CreatedOnToolsVersion = 13.0;
					};
					5BE73DE82746764000EEA7B3 = {
						CreatedOnToolsVersion = 13.0;
						LastSwiftMigration = 1300;
						TestTargetID = 5BE73DD22746763900EEA7B3;
					};
				};
			};
			buildConfigurationList = 5BE73DCE2746763900EEA7B3 /* Build configuration list for PBXProject "Camlist" */;
			compatibilityVersion = "Xcode 13.0";
			developmentRegion = en;
			hasScannedForEncodings = 0;
			knownRegions = (
				en,
				Base,
			);
			mainGroup = 5BE73DCA2746763900EEA7B3;
			productRefGroup = 5BE73DD42746763900EEA7B3 /* Products */;
			projectDirPath = "";
			projectRoot = "";
			targets = (
				5BE73DD22746763900EEA7B3 /* Camlist */,
				5BE73DE82746764000EEA7B3 /* CamlistTests */,
				5B82E810274D09910068F508 /* CamlistEndtoEndTests */,
			);
		};
/* End PBXProject section */

/* Begin PBXResourcesBuildPhase section */
		5B82E80F274D09910068F508 /* Resources */ = {
			isa = PBXResourcesBuildPhase;
			buildActionMask = 2147483647;
			files = (
			);
			runOnlyForDeploymentPostprocessing = 0;
		};
		5BE73DD12746763900EEA7B3 /* Resources */ = {
			isa = PBXResourcesBuildPhase;
			buildActionMask = 2147483647;
			files = (
				5BE73DE32746764000EEA7B3 /* LaunchScreen.storyboard in Resources */,
				5BE73DE02746764000EEA7B3 /* Assets.xcassets in Resources */,
				5B7E266D2748362200D5EB0B /* VenueViewController.storyboard in Resources */,
			);
			runOnlyForDeploymentPostprocessing = 0;
		};
		5BE73DE72746764000EEA7B3 /* Resources */ = {
			isa = PBXResourcesBuildPhase;
			buildActionMask = 2147483647;
			files = (
			);
			runOnlyForDeploymentPostprocessing = 0;
		};
/* End PBXResourcesBuildPhase section */

/* Begin PBXShellScriptBuildPhase section */
		862DD6BD0E954A4AA9599CD7 /* [CP] Embed Pods Frameworks */ = {
			isa = PBXShellScriptBuildPhase;
			buildActionMask = 2147483647;
			files = (
			);
			inputFileListPaths = (
				"${PODS_ROOT}/Target Support Files/Pods-Camlist/Pods-Camlist-frameworks-${CONFIGURATION}-input-files.xcfilelist",
			);
			name = "[CP] Embed Pods Frameworks";
			outputFileListPaths = (
				"${PODS_ROOT}/Target Support Files/Pods-Camlist/Pods-Camlist-frameworks-${CONFIGURATION}-output-files.xcfilelist",
			);
			runOnlyForDeploymentPostprocessing = 0;
			shellPath = /bin/sh;
			shellScript = "\"${PODS_ROOT}/Target Support Files/Pods-Camlist/Pods-Camlist-frameworks.sh\"\n";
			showEnvVarsInLog = 0;
		};
		BF8A837E2F54B325CA800342 /* [CP] Check Pods Manifest.lock */ = {
			isa = PBXShellScriptBuildPhase;
			buildActionMask = 2147483647;
			files = (
			);
			inputFileListPaths = (
			);
			inputPaths = (
				"${PODS_PODFILE_DIR_PATH}/Podfile.lock",
				"${PODS_ROOT}/Manifest.lock",
			);
			name = "[CP] Check Pods Manifest.lock";
			outputFileListPaths = (
			);
			outputPaths = (
				"$(DERIVED_FILE_DIR)/Pods-CamlistTests-checkManifestLockResult.txt",
			);
			runOnlyForDeploymentPostprocessing = 0;
			shellPath = /bin/sh;
			shellScript = "diff \"${PODS_PODFILE_DIR_PATH}/Podfile.lock\" \"${PODS_ROOT}/Manifest.lock\" > /dev/null\nif [ $? != 0 ] ; then\n    # print error to STDERR\n    echo \"error: The sandbox is not in sync with the Podfile.lock. Run 'pod install' or update your CocoaPods installation.\" >&2\n    exit 1\nfi\n# This output is used by Xcode 'outputs' to avoid re-running this script phase.\necho \"SUCCESS\" > \"${SCRIPT_OUTPUT_FILE_0}\"\n";
			showEnvVarsInLog = 0;
		};
		EE550A154ACEC1CB0F166100 /* [CP] Check Pods Manifest.lock */ = {
			isa = PBXShellScriptBuildPhase;
			buildActionMask = 2147483647;
			files = (
			);
			inputFileListPaths = (
			);
			inputPaths = (
				"${PODS_PODFILE_DIR_PATH}/Podfile.lock",
				"${PODS_ROOT}/Manifest.lock",
			);
			name = "[CP] Check Pods Manifest.lock";
			outputFileListPaths = (
			);
			outputPaths = (
				"$(DERIVED_FILE_DIR)/Pods-Camlist-checkManifestLockResult.txt",
			);
			runOnlyForDeploymentPostprocessing = 0;
			shellPath = /bin/sh;
			shellScript = "diff \"${PODS_PODFILE_DIR_PATH}/Podfile.lock\" \"${PODS_ROOT}/Manifest.lock\" > /dev/null\nif [ $? != 0 ] ; then\n    # print error to STDERR\n    echo \"error: The sandbox is not in sync with the Podfile.lock. Run 'pod install' or update your CocoaPods installation.\" >&2\n    exit 1\nfi\n# This output is used by Xcode 'outputs' to avoid re-running this script phase.\necho \"SUCCESS\" > \"${SCRIPT_OUTPUT_FILE_0}\"\n";
			showEnvVarsInLog = 0;
		};
/* End PBXShellScriptBuildPhase section */

/* Begin PBXSourcesBuildPhase section */
		5B82E80D274D09910068F508 /* Sources */ = {
			isa = PBXSourcesBuildPhase;
			buildActionMask = 2147483647;
			files = (
				5B82E81A274D0C480068F508 /* XCTestCase+MemoryLeakTrackingHelper.swift in Sources */,
				5B82E81F274D10FD0068F508 /* VenueApiEndToEndTests.swift in Sources */,
			);
			runOnlyForDeploymentPostprocessing = 0;
		};
		5BE73DCF2746763900EEA7B3 /* Sources */ = {
			isa = PBXSourcesBuildPhase;
			buildActionMask = 2147483647;
			files = (
				5BE73E282746915500EEA7B3 /* RemoteVenueLoader.swift in Sources */,
				5B7E2661274807BB00D5EB0B /* VenueViewModel.swift in Sources */,
				5BE73DDB2746763900EEA7B3 /* VenueViewController.swift in Sources */,
				5B8AEC69274A758B00A954AD /* CoreDataVenueResponseStorage.swift in Sources */,
				5BE73E1327467EB500EEA7B3 /* FetchVenueImageUseCase.swift in Sources */,
				5BE73E382746E1F700EEA7B3 /* VenueCell.swift in Sources */,
				5BA2BC34274BCFEE0061CA81 /* VenueImageResponseStorage.swift in Sources */,
				5BE73E2A27469C7900EEA7B3 /* APIEndPoints.swift in Sources */,
				5B8AEC61274A684700A954AD /* CoreDataStorage.swift in Sources */,
				5BE73E0B27467AE300EEA7B3 /* Venue.swift in Sources */,
				5BE73E1127467E5600EEA7B3 /* FetchVenueUseCase.swift in Sources */,
				5B73DB0C27491E09008B6DC0 /* VenueImageMapper.swift in Sources */,
				5B8AEC75274B0CC800A954AD /* Utils.swift in Sources */,
				5BA2BC36274BD08C0061CA81 /* CoreDataVenueImageResponseStorage.swift in Sources */,
				5B8AEC64274A6EED00A954AD /* LocalVenueLoader.swift in Sources */,
				5B7E26682748207100D5EB0B /* VenueCellController.swift in Sources */,
				5B7E266B2748313300D5EB0B /* StoryboardInstantiable.swift in Sources */,
				5B23EF8D2749170000EF3526 /* VenueCellViewModel.swift in Sources */,
				5BE73E0F27467C7900EEA7B3 /* VenueImage.swift in Sources */,
				5B8AEC71274AE6C800A954AD /* UIViewController+ShowAlertMsg.swift in Sources */,
				5BE73E332746B64700EEA7B3 /* HTTPURLResponse+StatusCode.swift in Sources */,
				5B8AEC77274B145B00A954AD /* MainAppController.swift in Sources */,
				5BE73E2C2746A39500EEA7B3 /* EndPoint.swift in Sources */,
				5B73DB0A27491C41008B6DC0 /* RemoteVenueImageLoader.swift in Sources */,
				5BE73E0D27467AF200EEA7B3 /* VenueLocation.swift in Sources */,
				5B8AEC5E274A67F800A954AD /* CoreDataStorage.xcdatamodeld in Sources */,
				5B586318274D897900085DA8 /* main.swift in Sources */,
				5B8AEC6F274AE6A300A954AD /* UIViewController+AlertWithCompletion.swift in Sources */,
				5BE73E2E2746A76A00EEA7B3 /* AppConfigrution.swift in Sources */,
				5B7E266527480C3700D5EB0B /* VenueUpdateViewController.swift in Sources */,
				5B8AEC73274AE7AF00A954AD /* Constants.swift in Sources */,
				5BE73E2627468FEE00EEA7B3 /* URLSessionHTTPClient.swift in Sources */,
				5BE73E302746B59800EEA7B3 /* VenueItemsMapper.swift in Sources */,
				5BE73E2427468FAA00EEA7B3 /* HTTPClient.swift in Sources */,
				5BE73E182746853100EEA7B3 /* VenueImageRepository.swift in Sources */,
				5B7E266327480B9B00D5EB0B /* VenueUIComposer.swift in Sources */,
				5BE73DD72746763900EEA7B3 /* AppDelegate.swift in Sources */,
				5BE73E162746851D00EEA7B3 /* VenuesRepository.swift in Sources */,
				5BFD7C942749929C0042A36A /* LocationManager.swift in Sources */,
				5B8AEC67274A718300A954AD /* VenueResponseStorage.swift in Sources */,
			);
			runOnlyForDeploymentPostprocessing = 0;
		};
		5BE73DE52746764000EEA7B3 /* Sources */ = {
			isa = PBXSourcesBuildPhase;
			buildActionMask = 2147483647;
			files = (
				5B58631A274DB49A00085DA8 /* RemoteVenueImageLoader.swift in Sources */,
				5BE73E1F27468C3600EEA7B3 /* RemoteVenueLoaderTests.swift in Sources */,
				5B586314274D76A400085DA8 /* VenueViewControllerTests.swift in Sources */,
				5B82E80A274C2A2A0068F508 /* XCTestCase+MemoryLeakTrackingHelper.swift in Sources */,
			);
			runOnlyForDeploymentPostprocessing = 0;
		};
/* End PBXSourcesBuildPhase section */

/* Begin PBXTargetDependency section */
		5B82E816274D09910068F508 /* PBXTargetDependency */ = {
			isa = PBXTargetDependency;
			target = 5BE73DD22746763900EEA7B3 /* Camlist */;
			targetProxy = 5B82E815274D09910068F508 /* PBXContainerItemProxy */;
		};
		5BE73DEB2746764000EEA7B3 /* PBXTargetDependency */ = {
			isa = PBXTargetDependency;
			target = 5BE73DD22746763900EEA7B3 /* Camlist */;
			targetProxy = 5BE73DEA2746764000EEA7B3 /* PBXContainerItemProxy */;
		};
/* End PBXTargetDependency section */

/* Begin PBXVariantGroup section */
		5BE73DE12746764000EEA7B3 /* LaunchScreen.storyboard */ = {
			isa = PBXVariantGroup;
			children = (
				5BE73DE22746764000EEA7B3 /* Base */,
			);
			name = LaunchScreen.storyboard;
			sourceTree = "<group>";
		};
/* End PBXVariantGroup section */

/* Begin XCBuildConfiguration section */
		5B82E818274D09910068F508 /* Debug */ = {
			isa = XCBuildConfiguration;
			buildSettings = {
				BUNDLE_LOADER = "$(TEST_HOST)";
				CODE_SIGN_STYLE = Automatic;
				CURRENT_PROJECT_VERSION = 1;
				DEVELOPMENT_TEAM = 5RLD3B22VC;
				GENERATE_INFOPLIST_FILE = YES;
				IPHONEOS_DEPLOYMENT_TARGET = 15.0;
				LD_RUNPATH_SEARCH_PATHS = (
					"$(inherited)",
					"@executable_path/Frameworks",
					"@loader_path/Frameworks",
				);
				MARKETING_VERSION = 1.0;
				PRODUCT_BUNDLE_IDENTIFIER = com.BlueCrunch.VenueApiEndtoEndTests;
				PRODUCT_NAME = "$(TARGET_NAME)";
				SWIFT_EMIT_LOC_STRINGS = NO;
				SWIFT_VERSION = 5.0;
				TARGETED_DEVICE_FAMILY = "1,2";
				TEST_HOST = "$(BUILT_PRODUCTS_DIR)/Camlist.app/Camlist";
			};
			name = Debug;
		};
		5B82E819274D09910068F508 /* Release */ = {
			isa = XCBuildConfiguration;
			buildSettings = {
				BUNDLE_LOADER = "$(TEST_HOST)";
				CODE_SIGN_STYLE = Automatic;
				CURRENT_PROJECT_VERSION = 1;
				DEVELOPMENT_TEAM = 5RLD3B22VC;
				GENERATE_INFOPLIST_FILE = YES;
				IPHONEOS_DEPLOYMENT_TARGET = 15.0;
				LD_RUNPATH_SEARCH_PATHS = (
					"$(inherited)",
					"@executable_path/Frameworks",
					"@loader_path/Frameworks",
				);
				MARKETING_VERSION = 1.0;
				PRODUCT_BUNDLE_IDENTIFIER = com.BlueCrunch.VenueApiEndtoEndTests;
				PRODUCT_NAME = "$(TARGET_NAME)";
				SWIFT_EMIT_LOC_STRINGS = NO;
				SWIFT_VERSION = 5.0;
				TARGETED_DEVICE_FAMILY = "1,2";
				TEST_HOST = "$(BUILT_PRODUCTS_DIR)/Camlist.app/Camlist";
			};
			name = Release;
		};
		5BE73DFB2746764100EEA7B3 /* Debug */ = {
			isa = XCBuildConfiguration;
			buildSettings = {
				ALWAYS_SEARCH_USER_PATHS = NO;
				CLANG_ANALYZER_NONNULL = YES;
				CLANG_ANALYZER_NUMBER_OBJECT_CONVERSION = YES_AGGRESSIVE;
				CLANG_CXX_LANGUAGE_STANDARD = "gnu++17";
				CLANG_CXX_LIBRARY = "libc++";
				CLANG_ENABLE_MODULES = YES;
				CLANG_ENABLE_OBJC_ARC = YES;
				CLANG_ENABLE_OBJC_WEAK = YES;
				CLANG_WARN_BLOCK_CAPTURE_AUTORELEASING = YES;
				CLANG_WARN_BOOL_CONVERSION = YES;
				CLANG_WARN_COMMA = YES;
				CLANG_WARN_CONSTANT_CONVERSION = YES;
				CLANG_WARN_DEPRECATED_OBJC_IMPLEMENTATIONS = YES;
				CLANG_WARN_DIRECT_OBJC_ISA_USAGE = YES_ERROR;
				CLANG_WARN_DOCUMENTATION_COMMENTS = YES;
				CLANG_WARN_EMPTY_BODY = YES;
				CLANG_WARN_ENUM_CONVERSION = YES;
				CLANG_WARN_INFINITE_RECURSION = YES;
				CLANG_WARN_INT_CONVERSION = YES;
				CLANG_WARN_NON_LITERAL_NULL_CONVERSION = YES;
				CLANG_WARN_OBJC_IMPLICIT_RETAIN_SELF = YES;
				CLANG_WARN_OBJC_LITERAL_CONVERSION = YES;
				CLANG_WARN_OBJC_ROOT_CLASS = YES_ERROR;
				CLANG_WARN_QUOTED_INCLUDE_IN_FRAMEWORK_HEADER = YES;
				CLANG_WARN_RANGE_LOOP_ANALYSIS = YES;
				CLANG_WARN_STRICT_PROTOTYPES = YES;
				CLANG_WARN_SUSPICIOUS_MOVE = YES;
				CLANG_WARN_UNGUARDED_AVAILABILITY = YES_AGGRESSIVE;
				CLANG_WARN_UNREACHABLE_CODE = YES;
				CLANG_WARN__DUPLICATE_METHOD_MATCH = YES;
				COPY_PHASE_STRIP = NO;
				DEBUG_INFORMATION_FORMAT = dwarf;
				ENABLE_STRICT_OBJC_MSGSEND = YES;
				ENABLE_TESTABILITY = YES;
				GCC_C_LANGUAGE_STANDARD = gnu11;
				GCC_DYNAMIC_NO_PIC = NO;
				GCC_NO_COMMON_BLOCKS = YES;
				GCC_OPTIMIZATION_LEVEL = 0;
				GCC_PREPROCESSOR_DEFINITIONS = (
					"DEBUG=1",
					"$(inherited)",
				);
				GCC_WARN_64_TO_32_BIT_CONVERSION = YES;
				GCC_WARN_ABOUT_RETURN_TYPE = YES_ERROR;
				GCC_WARN_UNDECLARED_SELECTOR = YES;
				GCC_WARN_UNINITIALIZED_AUTOS = YES_AGGRESSIVE;
				GCC_WARN_UNUSED_FUNCTION = YES;
				GCC_WARN_UNUSED_VARIABLE = YES;
				IPHONEOS_DEPLOYMENT_TARGET = 11.0;
				MTL_ENABLE_DEBUG_INFO = INCLUDE_SOURCE;
				MTL_FAST_MATH = YES;
				ONLY_ACTIVE_ARCH = YES;
				SDKROOT = iphoneos;
				SWIFT_ACTIVE_COMPILATION_CONDITIONS = DEBUG;
				SWIFT_OPTIMIZATION_LEVEL = "-Onone";
			};
			name = Debug;
		};
		5BE73DFC2746764100EEA7B3 /* Release */ = {
			isa = XCBuildConfiguration;
			buildSettings = {
				ALWAYS_SEARCH_USER_PATHS = NO;
				CLANG_ANALYZER_NONNULL = YES;
				CLANG_ANALYZER_NUMBER_OBJECT_CONVERSION = YES_AGGRESSIVE;
				CLANG_CXX_LANGUAGE_STANDARD = "gnu++17";
				CLANG_CXX_LIBRARY = "libc++";
				CLANG_ENABLE_MODULES = YES;
				CLANG_ENABLE_OBJC_ARC = YES;
				CLANG_ENABLE_OBJC_WEAK = YES;
				CLANG_WARN_BLOCK_CAPTURE_AUTORELEASING = YES;
				CLANG_WARN_BOOL_CONVERSION = YES;
				CLANG_WARN_COMMA = YES;
				CLANG_WARN_CONSTANT_CONVERSION = YES;
				CLANG_WARN_DEPRECATED_OBJC_IMPLEMENTATIONS = YES;
				CLANG_WARN_DIRECT_OBJC_ISA_USAGE = YES_ERROR;
				CLANG_WARN_DOCUMENTATION_COMMENTS = YES;
				CLANG_WARN_EMPTY_BODY = YES;
				CLANG_WARN_ENUM_CONVERSION = YES;
				CLANG_WARN_INFINITE_RECURSION = YES;
				CLANG_WARN_INT_CONVERSION = YES;
				CLANG_WARN_NON_LITERAL_NULL_CONVERSION = YES;
				CLANG_WARN_OBJC_IMPLICIT_RETAIN_SELF = YES;
				CLANG_WARN_OBJC_LITERAL_CONVERSION = YES;
				CLANG_WARN_OBJC_ROOT_CLASS = YES_ERROR;
				CLANG_WARN_QUOTED_INCLUDE_IN_FRAMEWORK_HEADER = YES;
				CLANG_WARN_RANGE_LOOP_ANALYSIS = YES;
				CLANG_WARN_STRICT_PROTOTYPES = YES;
				CLANG_WARN_SUSPICIOUS_MOVE = YES;
				CLANG_WARN_UNGUARDED_AVAILABILITY = YES_AGGRESSIVE;
				CLANG_WARN_UNREACHABLE_CODE = YES;
				CLANG_WARN__DUPLICATE_METHOD_MATCH = YES;
				COPY_PHASE_STRIP = NO;
				DEBUG_INFORMATION_FORMAT = "dwarf-with-dsym";
				ENABLE_NS_ASSERTIONS = NO;
				ENABLE_STRICT_OBJC_MSGSEND = YES;
				GCC_C_LANGUAGE_STANDARD = gnu11;
				GCC_NO_COMMON_BLOCKS = YES;
				GCC_WARN_64_TO_32_BIT_CONVERSION = YES;
				GCC_WARN_ABOUT_RETURN_TYPE = YES_ERROR;
				GCC_WARN_UNDECLARED_SELECTOR = YES;
				GCC_WARN_UNINITIALIZED_AUTOS = YES_AGGRESSIVE;
				GCC_WARN_UNUSED_FUNCTION = YES;
				GCC_WARN_UNUSED_VARIABLE = YES;
				IPHONEOS_DEPLOYMENT_TARGET = 11.0;
				MTL_ENABLE_DEBUG_INFO = NO;
				MTL_FAST_MATH = YES;
				SDKROOT = iphoneos;
				SWIFT_COMPILATION_MODE = wholemodule;
				SWIFT_OPTIMIZATION_LEVEL = "-O";
				VALIDATE_PRODUCT = YES;
			};
			name = Release;
		};
		5BE73DFE2746764100EEA7B3 /* Debug */ = {
			isa = XCBuildConfiguration;
			baseConfigurationReference = 495EE1DBE7C9FFDDF2AFB0BA /* Pods-Camlist.debug.xcconfig */;
			buildSettings = {
				API_BASE_URL = "https://api.foursquare.com/v3/places";
				API_KEY = "fsq3i7zLlSfxIcEDGcdVZovKT9XZpi3wZGmDCSSD30p/lkA=";
				ASSETCATALOG_COMPILER_APPICON_NAME = AppIcon;
				ASSETCATALOG_COMPILER_GLOBAL_ACCENT_COLOR_NAME = AccentColor;
				CODE_SIGN_STYLE = Automatic;
				CURRENT_PROJECT_VERSION = 1;
				DEVELOPMENT_TEAM = 5RLD3B22VC;
				GENERATE_INFOPLIST_FILE = YES;
				INFOPLIST_FILE = Camlist/Info.plist;
				INFOPLIST_KEY_CFBundleDisplayName = "Camlist Task";
				INFOPLIST_KEY_NSLocationAlwaysAndWhenInUseUsageDescription = "$(PRODUCT_NAME) needs location permission to fetch nearby places around you";
				INFOPLIST_KEY_NSLocationAlwaysUsageDescription = "$(PRODUCT_NAME) needs location permission to fetch nearby places around you";
				INFOPLIST_KEY_NSLocationWhenInUseUsageDescription = "$(PRODUCT_NAME) needs location permission to fetch nearby places around you";
				INFOPLIST_KEY_UIApplicationSupportsIndirectInputEvents = YES;
				INFOPLIST_KEY_UILaunchStoryboardName = LaunchScreen;
				INFOPLIST_KEY_UISupportedInterfaceOrientations = "UIInterfaceOrientationPortrait UIInterfaceOrientationLandscapeLeft UIInterfaceOrientationLandscapeRight";
				INFOPLIST_KEY_UISupportedInterfaceOrientations_iPad = "UIInterfaceOrientationPortrait UIInterfaceOrientationPortraitUpsideDown UIInterfaceOrientationLandscapeLeft UIInterfaceOrientationLandscapeRight";
				INFOPLIST_KEY_UISupportedInterfaceOrientations_iPhone = "UIInterfaceOrientationPortrait UIInterfaceOrientationLandscapeLeft UIInterfaceOrientationLandscapeRight";
				INFOPLIST_KEY_UIUserInterfaceStyle = Light;
				IPHONEOS_DEPLOYMENT_TARGET = 11.0;
				LD_RUNPATH_SEARCH_PATHS = (
					"$(inherited)",
					"@executable_path/Frameworks",
				);
				MARKETING_VERSION = 1.0;
				PRODUCT_BUNDLE_IDENTIFIER = com.BlueCrunch.Camlist;
				PRODUCT_NAME = "$(TARGET_NAME)";
				SWIFT_EMIT_LOC_STRINGS = YES;
				SWIFT_VERSION = 5.0;
				TARGETED_DEVICE_FAMILY = "1,2";
			};
			name = Debug;
		};
		5BE73DFF2746764100EEA7B3 /* Release */ = {
			isa = XCBuildConfiguration;
			baseConfigurationReference = F8F3B8B3DA266B7456DD1681 /* Pods-Camlist.release.xcconfig */;
			buildSettings = {
				API_BASE_URL = "https://api.foursquare.com/v3/places";
				API_KEY = "fsq3i7zLlSfxIcEDGcdVZovKT9XZpi3wZGmDCSSD30p/lkA=";
				ASSETCATALOG_COMPILER_APPICON_NAME = AppIcon;
				ASSETCATALOG_COMPILER_GLOBAL_ACCENT_COLOR_NAME = AccentColor;
				CODE_SIGN_STYLE = Automatic;
				CURRENT_PROJECT_VERSION = 1;
				DEVELOPMENT_TEAM = 5RLD3B22VC;
				GENERATE_INFOPLIST_FILE = YES;
				INFOPLIST_FILE = Camlist/Info.plist;
				INFOPLIST_KEY_CFBundleDisplayName = "Camlist Task";
				INFOPLIST_KEY_NSLocationAlwaysAndWhenInUseUsageDescription = "$(PRODUCT_NAME) needs location permission to fetch nearby places around you";
				INFOPLIST_KEY_NSLocationAlwaysUsageDescription = "$(PRODUCT_NAME) needs location permission to fetch nearby places around you";
				INFOPLIST_KEY_NSLocationWhenInUseUsageDescription = "$(PRODUCT_NAME) needs location permission to fetch nearby places around you";
				INFOPLIST_KEY_UIApplicationSupportsIndirectInputEvents = YES;
				INFOPLIST_KEY_UILaunchStoryboardName = LaunchScreen;
				INFOPLIST_KEY_UISupportedInterfaceOrientations = "UIInterfaceOrientationPortrait UIInterfaceOrientationLandscapeLeft UIInterfaceOrientationLandscapeRight";
				INFOPLIST_KEY_UISupportedInterfaceOrientations_iPad = "UIInterfaceOrientationPortrait UIInterfaceOrientationPortraitUpsideDown UIInterfaceOrientationLandscapeLeft UIInterfaceOrientationLandscapeRight";
				INFOPLIST_KEY_UISupportedInterfaceOrientations_iPhone = "UIInterfaceOrientationPortrait UIInterfaceOrientationLandscapeLeft UIInterfaceOrientationLandscapeRight";
				INFOPLIST_KEY_UIUserInterfaceStyle = Light;
				IPHONEOS_DEPLOYMENT_TARGET = 11.0;
				LD_RUNPATH_SEARCH_PATHS = (
					"$(inherited)",
					"@executable_path/Frameworks",
				);
				MARKETING_VERSION = 1.0;
				PRODUCT_BUNDLE_IDENTIFIER = com.BlueCrunch.Camlist;
				PRODUCT_NAME = "$(TARGET_NAME)";
				SWIFT_EMIT_LOC_STRINGS = YES;
				SWIFT_VERSION = 5.0;
				TARGETED_DEVICE_FAMILY = "1,2";
			};
			name = Release;
		};
		5BE73E012746764100EEA7B3 /* Debug */ = {
			isa = XCBuildConfiguration;
			baseConfigurationReference = F92798D10A33BF32AB37CA99 /* Pods-CamlistTests.debug.xcconfig */;
			buildSettings = {
				ALWAYS_EMBED_SWIFT_STANDARD_LIBRARIES = YES;
				BUNDLE_LOADER = "$(TEST_HOST)";
				CLANG_ENABLE_MODULES = YES;
				CODE_SIGN_STYLE = Automatic;
				CURRENT_PROJECT_VERSION = 1;
				DEVELOPMENT_TEAM = 5RLD3B22VC;
				GENERATE_INFOPLIST_FILE = YES;
				IPHONEOS_DEPLOYMENT_TARGET = 15.0;
				LD_RUNPATH_SEARCH_PATHS = (
					"$(inherited)",
					"@executable_path/Frameworks",
					"@loader_path/Frameworks",
				);
				MARKETING_VERSION = 1.0;
				PRODUCT_BUNDLE_IDENTIFIER = com.BlueCrunch.CamlistTests;
				PRODUCT_NAME = "$(TARGET_NAME)";
				SWIFT_EMIT_LOC_STRINGS = NO;
				SWIFT_OPTIMIZATION_LEVEL = "-Onone";
				SWIFT_VERSION = 5.0;
				TARGETED_DEVICE_FAMILY = "1,2";
				TEST_HOST = "$(BUILT_PRODUCTS_DIR)/Camlist.app/Camlist";
			};
			name = Debug;
		};
		5BE73E022746764100EEA7B3 /* Release */ = {
			isa = XCBuildConfiguration;
			baseConfigurationReference = DCB483AAD8808528CBF2CD7D /* Pods-CamlistTests.release.xcconfig */;
			buildSettings = {
				ALWAYS_EMBED_SWIFT_STANDARD_LIBRARIES = YES;
				BUNDLE_LOADER = "$(TEST_HOST)";
				CLANG_ENABLE_MODULES = YES;
				CODE_SIGN_STYLE = Automatic;
				CURRENT_PROJECT_VERSION = 1;
				DEVELOPMENT_TEAM = 5RLD3B22VC;
				GENERATE_INFOPLIST_FILE = YES;
				IPHONEOS_DEPLOYMENT_TARGET = 15.0;
				LD_RUNPATH_SEARCH_PATHS = (
					"$(inherited)",
					"@executable_path/Frameworks",
					"@loader_path/Frameworks",
				);
				MARKETING_VERSION = 1.0;
				PRODUCT_BUNDLE_IDENTIFIER = com.BlueCrunch.CamlistTests;
				PRODUCT_NAME = "$(TARGET_NAME)";
				SWIFT_EMIT_LOC_STRINGS = NO;
				SWIFT_VERSION = 5.0;
				TARGETED_DEVICE_FAMILY = "1,2";
				TEST_HOST = "$(BUILT_PRODUCTS_DIR)/Camlist.app/Camlist";
			};
			name = Release;
		};
/* End XCBuildConfiguration section */

/* Begin XCConfigurationList section */
		5B82E817274D09910068F508 /* Build configuration list for PBXNativeTarget "CamlistEndtoEndTests" */ = {
			isa = XCConfigurationList;
			buildConfigurations = (
				5B82E818274D09910068F508 /* Debug */,
				5B82E819274D09910068F508 /* Release */,
			);
			defaultConfigurationIsVisible = 0;
			defaultConfigurationName = Release;
		};
		5BE73DCE2746763900EEA7B3 /* Build configuration list for PBXProject "Camlist" */ = {
			isa = XCConfigurationList;
			buildConfigurations = (
				5BE73DFB2746764100EEA7B3 /* Debug */,
				5BE73DFC2746764100EEA7B3 /* Release */,
			);
			defaultConfigurationIsVisible = 0;
			defaultConfigurationName = Release;
		};
		5BE73DFD2746764100EEA7B3 /* Build configuration list for PBXNativeTarget "Camlist" */ = {
			isa = XCConfigurationList;
			buildConfigurations = (
				5BE73DFE2746764100EEA7B3 /* Debug */,
				5BE73DFF2746764100EEA7B3 /* Release */,
			);
			defaultConfigurationIsVisible = 0;
			defaultConfigurationName = Release;
		};
		5BE73E002746764100EEA7B3 /* Build configuration list for PBXNativeTarget "CamlistTests" */ = {
			isa = XCConfigurationList;
			buildConfigurations = (
				5BE73E012746764100EEA7B3 /* Debug */,
				5BE73E022746764100EEA7B3 /* Release */,
			);
			defaultConfigurationIsVisible = 0;
			defaultConfigurationName = Release;
		};
/* End XCConfigurationList section */

/* Begin XCVersionGroup section */
		5B8AEC5C274A67F800A954AD /* CoreDataStorage.xcdatamodeld */ = {
			isa = XCVersionGroup;
			children = (
				5B8AEC5D274A67F800A954AD /* VenueDataModel.xcdatamodel */,
			);
			currentVersion = 5B8AEC5D274A67F800A954AD /* VenueDataModel.xcdatamodel */;
			path = CoreDataStorage.xcdatamodeld;
			sourceTree = "<group>";
			versionGroupType = wrapper.xcdatamodel;
		};
/* End XCVersionGroup section */
	};
	rootObject = 5BE73DCB2746763900EEA7B3 /* Project object */;
}
